
Microsoft Visual Studio Solution File, Format Version 12.00
# Visual Studio Version 17
VisualStudioVersion = 17.14.36109.1
MinimumVisualStudioVersion = 10.0.40219.1
Project("{FAE04EC0-301F-11D3-BF4B-00C04F79EFBC}") = "RentACar", "RentACar\RentACar.csproj", "{C04FE56B-4FD8-46BD-B836-077CAFF87174}"
EndProject
Project("{FAE04EC0-301F-11D3-BF4B-00C04F79EFBC}") = "RentACar.Interfaces", "RentACar.Interfaces\RentACar.Interfaces.csproj", "{409F8985-6B78-489C-953A-99A6EFC053C0}"
EndProject
Project("{FAE04EC0-301F-11D3-BF4B-00C04F79EFBC}") = "RentACar.Map", "RentACar.Map\RentACar.Map.csproj", "{E0664CB3-4F26-4C59-98A7-0AAAC8BF573B}"
EndProject
Project("{FAE04EC0-301F-11D3-BF4B-00C04F79EFBC}") = "RentACar.Models", "RentACar.Models\RentACar.Models.csproj", "{0AE51BAD-A99D-4152-99CC-3DF7A1785736}"
EndProject
Project("{FAE04EC0-301F-11D3-BF4B-00C04F79EFBC}") = "RentACar.Repository", "RentACar.Repository\RentACar.Repository.csproj", "{C59A65D1-6856-44DE-B511-875CD4967C10}"
EndProject
Project("{FAE04EC0-301F-11D3-BF4B-00C04F79EFBC}") = "RentACar.Service", "RentACar.Service\RentACar.Service.csproj", "{5FED4FDA-2ABF-468D-A944-A5F16F761805}"
EndProject
Project("{FAE04EC0-301F-11D3-BF4B-00C04F79EFBC}") = "RentACar.ViewModel", "RentACar.ViewModel\RentACar.ViewModel.csproj", "{C4B669F6-6EAC-4838-B24E-9BE437F39699}"
EndProject
Project("{FAE04EC0-301F-11D3-BF4B-00C04F79EFBC}") = "RentACar.Logging", "RentACar.Logging\RentACar.Logging.csproj", "{5AB6172D-32DC-4907-B794-1F51071D0C61}"
EndProject
Project("{FAE04EC0-301F-11D3-BF4B-00C04F79EFBC}") = "RentACar.Common", "RentACar.Common\RentACar.Common.csproj", "{8E220084-0AC1-432C-B4F7-0379BB27311E}"
EndProject
Global
	GlobalSection(SolutionConfigurationPlatforms) = preSolution
		Debug|Any CPU = Debug|Any CPU
		Release|Any CPU = Release|Any CPU
	EndGlobalSection
	GlobalSection(ProjectConfigurationPlatforms) = postSolution
		{C04FE56B-4FD8-46BD-B836-077CAFF87174}.Debug|Any CPU.ActiveCfg = Debug|Any CPU
		{C04FE56B-4FD8-46BD-B836-077CAFF87174}.Debug|Any CPU.Build.0 = Debug|Any CPU
		{C04FE56B-4FD8-46BD-B836-077CAFF87174}.Release|Any CPU.ActiveCfg = Release|Any CPU
		{C04FE56B-4FD8-46BD-B836-077CAFF87174}.Release|Any CPU.Build.0 = Release|Any CPU
		{409F8985-6B78-489C-953A-99A6EFC053C0}.Debug|Any CPU.ActiveCfg = Debug|Any CPU
		{409F8985-6B78-489C-953A-99A6EFC053C0}.Debug|Any CPU.Build.0 = Debug|Any CPU
		{409F8985-6B78-489C-953A-99A6EFC053C0}.Release|Any CPU.ActiveCfg = Release|Any CPU
		{409F8985-6B78-489C-953A-99A6EFC053C0}.Release|Any CPU.Build.0 = Release|Any CPU
		{E0664CB3-4F26-4C59-98A7-0AAAC8BF573B}.Debug|Any CPU.ActiveCfg = Debug|Any CPU
		{E0664CB3-4F26-4C59-98A7-0AAAC8BF573B}.Debug|Any CPU.Build.0 = Debug|Any CPU
		{E0664CB3-4F26-4C59-98A7-0AAAC8BF573B}.Release|Any CPU.ActiveCfg = Release|Any CPU
		{E0664CB3-4F26-4C59-98A7-0AAAC8BF573B}.Release|Any CPU.Build.0 = Release|Any CPU
		{0AE51BAD-A99D-4152-99CC-3DF7A1785736}.Debug|Any CPU.ActiveCfg = Debug|Any CPU
		{0AE51BAD-A99D-4152-99CC-3DF7A1785736}.Debug|Any CPU.Build.0 = Debug|Any CPU
		{0AE51BAD-A99D-4152-99CC-3DF7A1785736}.Release|Any CPU.ActiveCfg = Release|Any CPU
		{0AE51BAD-A99D-4152-99CC-3DF7A1785736}.Release|Any CPU.Build.0 = Release|Any CPU
		{C59A65D1-6856-44DE-B511-875CD4967C10}.Debug|Any CPU.ActiveCfg = Debug|Any CPU
		{C59A65D1-6856-44DE-B511-875CD4967C10}.Debug|Any CPU.Build.0 = Debug|Any CPU
		{C59A65D1-6856-44DE-B511-875CD4967C10}.Release|Any CPU.ActiveCfg = Release|Any CPU
		{C59A65D1-6856-44DE-B511-875CD4967C10}.Release|Any CPU.Build.0 = Release|Any CPU
		{5FED4FDA-2ABF-468D-A944-A5F16F761805}.Debug|Any CPU.ActiveCfg = Debug|Any CPU
		{5FED4FDA-2ABF-468D-A944-A5F16F761805}.Debug|Any CPU.Build.0 = Debug|Any CPU
		{5FED4FDA-2ABF-468D-A944-A5F16F761805}.Release|Any CPU.ActiveCfg = Release|Any CPU
		{5FED4FDA-2ABF-468D-A944-A5F16F761805}.Release|Any CPU.Build.0 = Release|Any CPU
		{C4B669F6-6EAC-4838-B24E-9BE437F39699}.Debug|Any CPU.ActiveCfg = Debug|Any CPU
		{C4B669F6-6EAC-4838-B24E-9BE437F39699}.Debug|Any CPU.Build.0 = Debug|Any CPU
		{C4B669F6-6EAC-4838-B24E-9BE437F39699}.Release|Any CPU.ActiveCfg = Release|Any CPU
		{C4B669F6-6EAC-4838-B24E-9BE437F39699}.Release|Any CPU.Build.0 = Release|Any CPU
		{5AB6172D-32DC-4907-B794-1F51071D0C61}.Debug|Any CPU.ActiveCfg = Debug|Any CPU
		{5AB6172D-32DC-4907-B794-1F51071D0C61}.Debug|Any CPU.Build.0 = Debug|Any CPU
		{5AB6172D-32DC-4907-B794-1F51071D0C61}.Release|Any CPU.ActiveCfg = Release|Any CPU
		{5AB6172D-32DC-4907-B794-1F51071D0C61}.Release|Any CPU.Build.0 = Release|Any CPU
		{8E220084-0AC1-432C-B4F7-0379BB27311E}.Debug|Any CPU.ActiveCfg = Debug|Any CPU
		{8E220084-0AC1-432C-B4F7-0379BB27311E}.Debug|Any CPU.Build.0 = Debug|Any CPU
		{8E220084-0AC1-432C-B4F7-0379BB27311E}.Release|Any CPU.ActiveCfg = Release|Any CPU
		{8E220084-0AC1-432C-B4F7-0379BB27311E}.Release|Any CPU.Build.0 = Release|Any CPU
	EndGlobalSection
	GlobalSection(SolutionProperties) = preSolution
		HideSolutionNode = FALSE
	EndGlobalSection
	GlobalSection(ExtensibilityGlobals) = postSolution
		SolutionGuid = {13F3B636-2FF6-495F-991E-B11687DEDAF9}
	EndGlobalSection
EndGlobal
